// !$*UTF8*$!
{
	archiveVersion = 1;
	classes = {
	};
	objectVersion = 46;
	objects = {

/* Begin PBXBuildFile section */
		6948846CC4B152AF1BA449A6 /* libPods-FDGroupIconViewDemo.a in Frameworks */ = {isa = PBXBuildFile; fileRef = B7AAA99D5C78DC5C1F6CBCEF /* libPods-FDGroupIconViewDemo.a */; };
		8A119CD59CAD6451D90E3540 /* libPods-FDGroupIconViewDemoUITests.a in Frameworks */ = {isa = PBXBuildFile; fileRef = 004C125E5DBD1D5D9494B8DE /* libPods-FDGroupIconViewDemoUITests.a */; };
		CC95C7748511161E46DACBC9 /* libPods-FDGroupIconViewDemoTests.a in Frameworks */ = {isa = PBXBuildFile; fileRef = 56FB4AE71B59D48C9F3E0FDD /* libPods-FDGroupIconViewDemoTests.a */; };
		D71003BF1D7028C10086355A /* FDMainViewController.m in Sources */ = {isa = PBXBuildFile; fileRef = D71003BE1D7028C10086355A /* FDMainViewController.m */; };
		D71003C61D702FFF0086355A /* FDCommonCell.m in Sources */ = {isa = PBXBuildFile; fileRef = D71003C41D702FFF0086355A /* FDCommonCell.m */; };
		D71003C71D702FFF0086355A /* FDCommonCell.xib in Resources */ = {isa = PBXBuildFile; fileRef = D71003C51D702FFF0086355A /* FDCommonCell.xib */; };
		D71003CB1D7041970086355A /* one.png in Resources */ = {isa = PBXBuildFile; fileRef = D71003CA1D7041970086355A /* one.png */; };
		D71003CD1D70423E0086355A /* two.png in Resources */ = {isa = PBXBuildFile; fileRef = D71003CC1D70423E0086355A /* two.png */; };
		D7E07D6D1D6EF3D100F6C268 /* main.m in Sources */ = {isa = PBXBuildFile; fileRef = D7E07D6C1D6EF3D100F6C268 /* main.m */; };
		D7E07D701D6EF3D100F6C268 /* AppDelegate.m in Sources */ = {isa = PBXBuildFile; fileRef = D7E07D6F1D6EF3D100F6C268 /* AppDelegate.m */; };
		D7E07D761D6EF3D100F6C268 /* Main.storyboard in Resources */ = {isa = PBXBuildFile; fileRef = D7E07D741D6EF3D100F6C268 /* Main.storyboard */; };
		D7E07D781D6EF3D100F6C268 /* Assets.xcassets in Resources */ = {isa = PBXBuildFile; fileRef = D7E07D771D6EF3D100F6C268 /* Assets.xcassets */; };
		D7E07D7B1D6EF3D100F6C268 /* LaunchScreen.storyboard in Resources */ = {isa = PBXBuildFile; fileRef = D7E07D791D6EF3D100F6C268 /* LaunchScreen.storyboard */; };
		D7E07D861D6EF3D100F6C268 /* FDGroupIconViewDemoTests.m in Sources */ = {isa = PBXBuildFile; fileRef = D7E07D851D6EF3D100F6C268 /* FDGroupIconViewDemoTests.m */; };
		D7E07D911D6EF3D100F6C268 /* FDGroupIconViewDemoUITests.m in Sources */ = {isa = PBXBuildFile; fileRef = D7E07D901D6EF3D100F6C268 /* FDGroupIconViewDemoUITests.m */; };
/* End PBXBuildFile section */

/* Begin PBXContainerItemProxy section */
		D7E07D821D6EF3D100F6C268 /* PBXContainerItemProxy */ = {
			isa = PBXContainerItemProxy;
			containerPortal = D7E07D601D6EF3D000F6C268 /* Project object */;
			proxyType = 1;
			remoteGlobalIDString = D7E07D671D6EF3D100F6C268;
			remoteInfo = FDGroupIconViewDemo;
		};
		D7E07D8D1D6EF3D100F6C268 /* PBXContainerItemProxy */ = {
			isa = PBXContainerItemProxy;
			containerPortal = D7E07D601D6EF3D000F6C268 /* Project object */;
			proxyType = 1;
			remoteGlobalIDString = D7E07D671D6EF3D100F6C268;
			remoteInfo = FDGroupIconViewDemo;
		};
/* End PBXContainerItemProxy section */

/* Begin PBXFileReference section */
		004C125E5DBD1D5D9494B8DE /* libPods-FDGroupIconViewDemoUITests.a */ = {isa = PBXFileReference; explicitFileType = archive.ar; includeInIndex = 0; path = "libPods-FDGroupIconViewDemoUITests.a"; sourceTree = BUILT_PRODUCTS_DIR; };
		06ACD8157C67DAE61F0FFA9C /* Pods-FDGroupIconViewDemo.release.xcconfig */ = {isa = PBXFileReference; includeInIndex = 1; lastKnownFileType = text.xcconfig; name = "Pods-FDGroupIconViewDemo.release.xcconfig"; path = "Pods/Target Support Files/Pods-FDGroupIconViewDemo/Pods-FDGroupIconViewDemo.release.xcconfig"; sourceTree = "<group>"; };
		56FB4AE71B59D48C9F3E0FDD /* libPods-FDGroupIconViewDemoTests.a */ = {isa = PBXFileReference; explicitFileType = archive.ar; includeInIndex = 0; path = "libPods-FDGroupIconViewDemoTests.a"; sourceTree = BUILT_PRODUCTS_DIR; };
		79C3137CA1DF0A7E7AC16792 /* Pods-FDGroupIconViewDemoTests.debug.xcconfig */ = {isa = PBXFileReference; includeInIndex = 1; lastKnownFileType = text.xcconfig; name = "Pods-FDGroupIconViewDemoTests.debug.xcconfig"; path = "Pods/Target Support Files/Pods-FDGroupIconViewDemoTests/Pods-FDGroupIconViewDemoTests.debug.xcconfig"; sourceTree = "<group>"; };
		9358C4AE29A559CC23D52A10 /* Pods-FDGroupIconViewDemoTests.release.xcconfig */ = {isa = PBXFileReference; includeInIndex = 1; lastKnownFileType = text.xcconfig; name = "Pods-FDGroupIconViewDemoTests.release.xcconfig"; path = "Pods/Target Support Files/Pods-FDGroupIconViewDemoTests/Pods-FDGroupIconViewDemoTests.release.xcconfig"; sourceTree = "<group>"; };
		9D87B18490BB6F109A31C61C /* Pods-FDGroupIconViewDemoUITests.debug.xcconfig */ = {isa = PBXFileReference; includeInIndex = 1; lastKnownFileType = text.xcconfig; name = "Pods-FDGroupIconViewDemoUITests.debug.xcconfig"; path = "Pods/Target Support Files/Pods-FDGroupIconViewDemoUITests/Pods-FDGroupIconViewDemoUITests.debug.xcconfig"; sourceTree = "<group>"; };
		B7AAA99D5C78DC5C1F6CBCEF /* libPods-FDGroupIconViewDemo.a */ = {isa = PBXFileReference; explicitFileType = archive.ar; includeInIndex = 0; path = "libPods-FDGroupIconViewDemo.a"; sourceTree = BUILT_PRODUCTS_DIR; };
		D4F4655C99D70B21D31722A0 /* Pods-FDGroupIconViewDemo.debug.xcconfig */ = {isa = PBXFileReference; includeInIndex = 1; lastKnownFileType = text.xcconfig; name = "Pods-FDGroupIconViewDemo.debug.xcconfig"; path = "Pods/Target Support Files/Pods-FDGroupIconViewDemo/Pods-FDGroupIconViewDemo.debug.xcconfig"; sourceTree = "<group>"; };
		D71003BD1D7028C10086355A /* FDMainViewController.h */ = {isa = PBXFileReference; fileEncoding = 4; lastKnownFileType = sourcecode.c.h; path = FDMainViewController.h; sourceTree = "<group>"; };
		D71003BE1D7028C10086355A /* FDMainViewController.m */ = {isa = PBXFileReference; fileEncoding = 4; lastKnownFileType = sourcecode.c.objc; path = FDMainViewController.m; sourceTree = "<group>"; };
		D71003C31D702FFF0086355A /* FDCommonCell.h */ = {isa = PBXFileReference; fileEncoding = 4; lastKnownFileType = sourcecode.c.h; path = FDCommonCell.h; sourceTree = "<group>"; };
		D71003C41D702FFF0086355A /* FDCommonCell.m */ = {isa = PBXFileReference; fileEncoding = 4; lastKnownFileType = sourcecode.c.objc; path = FDCommonCell.m; sourceTree = "<group>"; };
		D71003C51D702FFF0086355A /* FDCommonCell.xib */ = {isa = PBXFileReference; fileEncoding = 4; lastKnownFileType = file.xib; path = FDCommonCell.xib; sourceTree = "<group>"; };
		D71003CA1D7041970086355A /* one.png */ = {isa = PBXFileReference; lastKnownFileType = image.png; path = one.png; sourceTree = "<group>"; };
		D71003CC1D70423E0086355A /* two.png */ = {isa = PBXFileReference; lastKnownFileType = image.png; path = two.png; sourceTree = "<group>"; };
		D7E07D681D6EF3D100F6C268 /* FDGroupIconViewDemo.app */ = {isa = PBXFileReference; explicitFileType = wrapper.application; includeInIndex = 0; path = FDGroupIconViewDemo.app; sourceTree = BUILT_PRODUCTS_DIR; };
		D7E07D6C1D6EF3D100F6C268 /* main.m */ = {isa = PBXFileReference; lastKnownFileType = sourcecode.c.objc; path = main.m; sourceTree = "<group>"; };
		D7E07D6E1D6EF3D100F6C268 /* AppDelegate.h */ = {isa = PBXFileReference; lastKnownFileType = sourcecode.c.h; path = AppDelegate.h; sourceTree = "<group>"; };
		D7E07D6F1D6EF3D100F6C268 /* AppDelegate.m */ = {isa = PBXFileReference; lastKnownFileType = sourcecode.c.objc; path = AppDelegate.m; sourceTree = "<group>"; };
		D7E07D751D6EF3D100F6C268 /* Base */ = {isa = PBXFileReference; lastKnownFileType = file.storyboard; name = Base; path = Base.lproj/Main.storyboard; sourceTree = "<group>"; };
		D7E07D771D6EF3D100F6C268 /* Assets.xcassets */ = {isa = PBXFileReference; lastKnownFileType = folder.assetcatalog; path = Assets.xcassets; sourceTree = "<group>"; };
		D7E07D7A1D6EF3D100F6C268 /* Base */ = {isa = PBXFileReference; lastKnownFileType = file.storyboard; name = Base; path = Base.lproj/LaunchScreen.storyboard; sourceTree = "<group>"; };
		D7E07D7C1D6EF3D100F6C268 /* Info.plist */ = {isa = PBXFileReference; lastKnownFileType = text.plist.xml; path = Info.plist; sourceTree = "<group>"; };
		D7E07D811D6EF3D100F6C268 /* FDGroupIconViewDemoTests.xctest */ = {isa = PBXFileReference; explicitFileType = wrapper.cfbundle; includeInIndex = 0; path = FDGroupIconViewDemoTests.xctest; sourceTree = BUILT_PRODUCTS_DIR; };
		D7E07D851D6EF3D100F6C268 /* FDGroupIconViewDemoTests.m */ = {isa = PBXFileReference; lastKnownFileType = sourcecode.c.objc; path = FDGroupIconViewDemoTests.m; sourceTree = "<group>"; };
		D7E07D871D6EF3D100F6C268 /* Info.plist */ = {isa = PBXFileReference; lastKnownFileType = text.plist.xml; path = Info.plist; sourceTree = "<group>"; };
		D7E07D8C1D6EF3D100F6C268 /* FDGroupIconViewDemoUITests.xctest */ = {isa = PBXFileReference; explicitFileType = wrapper.cfbundle; includeInIndex = 0; path = FDGroupIconViewDemoUITests.xctest; sourceTree = BUILT_PRODUCTS_DIR; };
		D7E07D901D6EF3D100F6C268 /* FDGroupIconViewDemoUITests.m */ = {isa = PBXFileReference; lastKnownFileType = sourcecode.c.objc; path = FDGroupIconViewDemoUITests.m; sourceTree = "<group>"; };
		D7E07D921D6EF3D100F6C268 /* Info.plist */ = {isa = PBXFileReference; lastKnownFileType = text.plist.xml; path = Info.plist; sourceTree = "<group>"; };
		F5B284D73A037F2420531EA5 /* Pods-FDGroupIconViewDemoUITests.release.xcconfig */ = {isa = PBXFileReference; includeInIndex = 1; lastKnownFileType = text.xcconfig; name = "Pods-FDGroupIconViewDemoUITests.release.xcconfig"; path = "Pods/Target Support Files/Pods-FDGroupIconViewDemoUITests/Pods-FDGroupIconViewDemoUITests.release.xcconfig"; sourceTree = "<group>"; };
/* End PBXFileReference section */

/* Begin PBXFrameworksBuildPhase section */
		D7E07D651D6EF3D100F6C268 /* Frameworks */ = {
			isa = PBXFrameworksBuildPhase;
			buildActionMask = 2147483647;
			files = (
				6948846CC4B152AF1BA449A6 /* libPods-FDGroupIconViewDemo.a in Frameworks */,
			);
			runOnlyForDeploymentPostprocessing = 0;
		};
		D7E07D7E1D6EF3D100F6C268 /* Frameworks */ = {
			isa = PBXFrameworksBuildPhase;
			buildActionMask = 2147483647;
			files = (
				CC95C7748511161E46DACBC9 /* libPods-FDGroupIconViewDemoTests.a in Frameworks */,
			);
			runOnlyForDeploymentPostprocessing = 0;
		};
		D7E07D891D6EF3D100F6C268 /* Frameworks */ = {
			isa = PBXFrameworksBuildPhase;
			buildActionMask = 2147483647;
			files = (
				8A119CD59CAD6451D90E3540 /* libPods-FDGroupIconViewDemoUITests.a in Frameworks */,
			);
			runOnlyForDeploymentPostprocessing = 0;
		};
/* End PBXFrameworksBuildPhase section */

/* Begin PBXGroup section */
		0C8A50D8BB96BE488DE753D5 /* Frameworks */ = {
			isa = PBXGroup;
			children = (
				B7AAA99D5C78DC5C1F6CBCEF /* libPods-FDGroupIconViewDemo.a */,
				56FB4AE71B59D48C9F3E0FDD /* libPods-FDGroupIconViewDemoTests.a */,
				004C125E5DBD1D5D9494B8DE /* libPods-FDGroupIconViewDemoUITests.a */,
			);
			name = Frameworks;
			sourceTree = "<group>";
		};
		3B07626042B4B2A16AF11FE6 /* Pods */ = {
			isa = PBXGroup;
			children = (
				D4F4655C99D70B21D31722A0 /* Pods-FDGroupIconViewDemo.debug.xcconfig */,
				06ACD8157C67DAE61F0FFA9C /* Pods-FDGroupIconViewDemo.release.xcconfig */,
				79C3137CA1DF0A7E7AC16792 /* Pods-FDGroupIconViewDemoTests.debug.xcconfig */,
				9358C4AE29A559CC23D52A10 /* Pods-FDGroupIconViewDemoTests.release.xcconfig */,
				9D87B18490BB6F109A31C61C /* Pods-FDGroupIconViewDemoUITests.debug.xcconfig */,
				F5B284D73A037F2420531EA5 /* Pods-FDGroupIconViewDemoUITests.release.xcconfig */,
			);
			name = Pods;
			sourceTree = "<group>";
		};
		D7E07D5F1D6EF3D000F6C268 = {
			isa = PBXGroup;
			children = (
				D7E07D6A1D6EF3D100F6C268 /* FDGroupIconViewDemo */,
				D7E07D841D6EF3D100F6C268 /* FDGroupIconViewDemoTests */,
				D7E07D8F1D6EF3D100F6C268 /* FDGroupIconViewDemoUITests */,
				D7E07D691D6EF3D100F6C268 /* Products */,
				3B07626042B4B2A16AF11FE6 /* Pods */,
				0C8A50D8BB96BE488DE753D5 /* Frameworks */,
			);
			sourceTree = "<group>";
		};
		D7E07D691D6EF3D100F6C268 /* Products */ = {
			isa = PBXGroup;
			children = (
				D7E07D681D6EF3D100F6C268 /* FDGroupIconViewDemo.app */,
				D7E07D811D6EF3D100F6C268 /* FDGroupIconViewDemoTests.xctest */,
				D7E07D8C1D6EF3D100F6C268 /* FDGroupIconViewDemoUITests.xctest */,
			);
			name = Products;
			sourceTree = "<group>";
		};
		D7E07D6A1D6EF3D100F6C268 /* FDGroupIconViewDemo */ = {
			isa = PBXGroup;
			children = (
				D7E07D6E1D6EF3D100F6C268 /* AppDelegate.h */,
				D7E07D6F1D6EF3D100F6C268 /* AppDelegate.m */,
				D71003BD1D7028C10086355A /* FDMainViewController.h */,
				D71003BE1D7028C10086355A /* FDMainViewController.m */,
				D71003C31D702FFF0086355A /* FDCommonCell.h */,
				D71003C41D702FFF0086355A /* FDCommonCell.m */,
				D71003C51D702FFF0086355A /* FDCommonCell.xib */,
				D7E07D741D6EF3D100F6C268 /* Main.storyboard */,
				D71003CA1D7041970086355A /* one.png */,
				D71003CC1D70423E0086355A /* two.png */,
				D7E07D771D6EF3D100F6C268 /* Assets.xcassets */,
				D7E07D791D6EF3D100F6C268 /* LaunchScreen.storyboard */,
				D7E07D7C1D6EF3D100F6C268 /* Info.plist */,
				D7E07D6B1D6EF3D100F6C268 /* Supporting Files */,
			);
			path = FDGroupIconViewDemo;
			sourceTree = "<group>";
		};
		D7E07D6B1D6EF3D100F6C268 /* Supporting Files */ = {
			isa = PBXGroup;
			children = (
				D7E07D6C1D6EF3D100F6C268 /* main.m */,
			);
			name = "Supporting Files";
			sourceTree = "<group>";
		};
		D7E07D841D6EF3D100F6C268 /* FDGroupIconViewDemoTests */ = {
			isa = PBXGroup;
			children = (
				D7E07D851D6EF3D100F6C268 /* FDGroupIconViewDemoTests.m */,
				D7E07D871D6EF3D100F6C268 /* Info.plist */,
			);
			path = FDGroupIconViewDemoTests;
			sourceTree = "<group>";
		};
		D7E07D8F1D6EF3D100F6C268 /* FDGroupIconViewDemoUITests */ = {
			isa = PBXGroup;
			children = (
				D7E07D901D6EF3D100F6C268 /* FDGroupIconViewDemoUITests.m */,
				D7E07D921D6EF3D100F6C268 /* Info.plist */,
			);
			path = FDGroupIconViewDemoUITests;
			sourceTree = "<group>";
		};
/* End PBXGroup section */

/* Begin PBXNativeTarget section */
		D7E07D671D6EF3D100F6C268 /* FDGroupIconViewDemo */ = {
			isa = PBXNativeTarget;
			buildConfigurationList = D7E07D951D6EF3D100F6C268 /* Build configuration list for PBXNativeTarget "FDGroupIconViewDemo" */;
			buildPhases = (
				2DE7A65719B75D86E9D6EAF7 /* [CP] Check Pods Manifest.lock */,
				D7E07D641D6EF3D100F6C268 /* Sources */,
				D7E07D651D6EF3D100F6C268 /* Frameworks */,
				D7E07D661D6EF3D100F6C268 /* Resources */,
				63DB51A896ED540A32E40F38 /* [CP] Embed Pods Frameworks */,
				1533FD19C2712DAA27606ADD /* [CP] Copy Pods Resources */,
			);
			buildRules = (
			);
			dependencies = (
			);
			name = FDGroupIconViewDemo;
			productName = FDGroupIconViewDemo;
			productReference = D7E07D681D6EF3D100F6C268 /* FDGroupIconViewDemo.app */;
			productType = "com.apple.product-type.application";
		};
		D7E07D801D6EF3D100F6C268 /* FDGroupIconViewDemoTests */ = {
			isa = PBXNativeTarget;
			buildConfigurationList = D7E07D981D6EF3D100F6C268 /* Build configuration list for PBXNativeTarget "FDGroupIconViewDemoTests" */;
			buildPhases = (
				6BF8D8193603391977A1B34A /* [CP] Check Pods Manifest.lock */,
				D7E07D7D1D6EF3D100F6C268 /* Sources */,
				D7E07D7E1D6EF3D100F6C268 /* Frameworks */,
				D7E07D7F1D6EF3D100F6C268 /* Resources */,
				FFD5D8BE4F496E9679D98C47 /* [CP] Embed Pods Frameworks */,
				26263EDC67D92498A788A132 /* [CP] Copy Pods Resources */,
			);
			buildRules = (
			);
			dependencies = (
				D7E07D831D6EF3D100F6C268 /* PBXTargetDependency */,
			);
			name = FDGroupIconViewDemoTests;
			productName = FDGroupIconViewDemoTests;
			productReference = D7E07D811D6EF3D100F6C268 /* FDGroupIconViewDemoTests.xctest */;
			productType = "com.apple.product-type.bundle.unit-test";
		};
		D7E07D8B1D6EF3D100F6C268 /* FDGroupIconViewDemoUITests */ = {
			isa = PBXNativeTarget;
			buildConfigurationList = D7E07D9B1D6EF3D100F6C268 /* Build configuration list for PBXNativeTarget "FDGroupIconViewDemoUITests" */;
			buildPhases = (
				EED33A0AAE30FD6CBEB1A729 /* [CP] Check Pods Manifest.lock */,
				D7E07D881D6EF3D100F6C268 /* Sources */,
				D7E07D891D6EF3D100F6C268 /* Frameworks */,
				D7E07D8A1D6EF3D100F6C268 /* Resources */,
				0335BF8441C824664E45C69C /* [CP] Copy Pods Resources */,
			);
			buildRules = (
			);
			dependencies = (
				D7E07D8E1D6EF3D100F6C268 /* PBXTargetDependency */,
			);
			name = FDGroupIconViewDemoUITests;
			productName = FDGroupIconViewDemoUITests;
			productReference = D7E07D8C1D6EF3D100F6C268 /* FDGroupIconViewDemoUITests.xctest */;
			productType = "com.apple.product-type.bundle.ui-testing";
		};
/* End PBXNativeTarget section */

/* Begin PBXProject section */
		D7E07D601D6EF3D000F6C268 /* Project object */ = {
			isa = PBXProject;
			attributes = {
				LastUpgradeCheck = 0730;
				ORGANIZATIONNAME = fandy;
				TargetAttributes = {
					D7E07D671D6EF3D100F6C268 = {
						CreatedOnToolsVersion = 7.3.1;
					};
					D7E07D801D6EF3D100F6C268 = {
						CreatedOnToolsVersion = 7.3.1;
						TestTargetID = D7E07D671D6EF3D100F6C268;
					};
					D7E07D8B1D6EF3D100F6C268 = {
						CreatedOnToolsVersion = 7.3.1;
						TestTargetID = D7E07D671D6EF3D100F6C268;
					};
				};
			};
			buildConfigurationList = D7E07D631D6EF3D000F6C268 /* Build configuration list for PBXProject "FDGroupIconViewDemo" */;
			compatibilityVersion = "Xcode 3.2";
			developmentRegion = English;
			hasScannedForEncodings = 0;
			knownRegions = (
				en,
				Base,
			);
			mainGroup = D7E07D5F1D6EF3D000F6C268;
			productRefGroup = D7E07D691D6EF3D100F6C268 /* Products */;
			projectDirPath = "";
			projectRoot = "";
			targets = (
				D7E07D671D6EF3D100F6C268 /* FDGroupIconViewDemo */,
				D7E07D801D6EF3D100F6C268 /* FDGroupIconViewDemoTests */,
				D7E07D8B1D6EF3D100F6C268 /* FDGroupIconViewDemoUITests */,
			);
		};
/* End PBXProject section */

/* Begin PBXResourcesBuildPhase section */
		D7E07D661D6EF3D100F6C268 /* Resources */ = {
			isa = PBXResourcesBuildPhase;
			buildActionMask = 2147483647;
			files = (
				D71003CD1D70423E0086355A /* two.png in Resources */,
				D71003C71D702FFF0086355A /* FDCommonCell.xib in Resources */,
				D71003CB1D7041970086355A /* one.png in Resources */,
				D7E07D7B1D6EF3D100F6C268 /* LaunchScreen.storyboard in Resources */,
				D7E07D781D6EF3D100F6C268 /* Assets.xcassets in Resources */,
				D7E07D761D6EF3D100F6C268 /* Main.storyboard in Resources */,
			);
			runOnlyForDeploymentPostprocessing = 0;
		};
		D7E07D7F1D6EF3D100F6C268 /* Resources */ = {
			isa = PBXResourcesBuildPhase;
			buildActionMask = 2147483647;
			files = (
			);
			runOnlyForDeploymentPostprocessing = 0;
		};
		D7E07D8A1D6EF3D100F6C268 /* Resources */ = {
			isa = PBXResourcesBuildPhase;
			buildActionMask = 2147483647;
			files = (
			);
			runOnlyForDeploymentPostprocessing = 0;
		};
/* End PBXResourcesBuildPhase section */

/* Begin PBXShellScriptBuildPhase section */
		0335BF8441C824664E45C69C /* [CP] Copy Pods Resources */ = {
			isa = PBXShellScriptBuildPhase;
			buildActionMask = 2147483647;
			files = (
			);
			inputPaths = (
			);
			name = "[CP] Copy Pods Resources";
			outputPaths = (
			);
			runOnlyForDeploymentPostprocessing = 0;
			shellPath = /bin/sh;
			shellScript = "\"${SRCROOT}/Pods/Target Support Files/Pods-FDGroupIconViewDemoUITests/Pods-FDGroupIconViewDemoUITests-resources.sh\"\n";
			showEnvVarsInLog = 0;
		};
		1533FD19C2712DAA27606ADD /* [CP] Copy Pods Resources */ = {
			isa = PBXShellScriptBuildPhase;
			buildActionMask = 2147483647;
			files = (
			);
			inputPaths = (
			);
			name = "[CP] Copy Pods Resources";
			outputPaths = (
			);
			runOnlyForDeploymentPostprocessing = 0;
			shellPath = /bin/sh;
			shellScript = "\"${SRCROOT}/Pods/Target Support Files/Pods-FDGroupIconViewDemo/Pods-FDGroupIconViewDemo-resources.sh\"\n";
			showEnvVarsInLog = 0;
		};
		26263EDC67D92498A788A132 /* [CP] Copy Pods Resources */ = {
			isa = PBXShellScriptBuildPhase;
			buildActionMask = 2147483647;
			files = (
			);
			inputPaths = (
			);
			name = "[CP] Copy Pods Resources";
			outputPaths = (
			);
			runOnlyForDeploymentPostprocessing = 0;
			shellPath = /bin/sh;
			shellScript = "\"${SRCROOT}/Pods/Target Support Files/Pods-FDGroupIconViewDemoTests/Pods-FDGroupIconViewDemoTests-resources.sh\"\n";
			showEnvVarsInLog = 0;
		};
		2DE7A65719B75D86E9D6EAF7 /* [CP] Check Pods Manifest.lock */ = {
			isa = PBXShellScriptBuildPhase;
			buildActionMask = 2147483647;
			files = (
			);
			inputPaths = (
			);
			name = "[CP] Check Pods Manifest.lock";
			outputPaths = (
			);
			runOnlyForDeploymentPostprocessing = 0;
			shellPath = /bin/sh;
			shellScript = "diff \"${PODS_ROOT}/../Podfile.lock\" \"${PODS_ROOT}/Manifest.lock\" > /dev/null\nif [[ $? != 0 ]] ; then\n    cat << EOM\nerror: The sandbox is not in sync with the Podfile.lock. Run 'pod install' or update your CocoaPods installation.\nEOM\n    exit 1\nfi\n";
			showEnvVarsInLog = 0;
		};
		63DB51A896ED540A32E40F38 /* [CP] Embed Pods Frameworks */ = {
			isa = PBXShellScriptBuildPhase;
			buildActionMask = 2147483647;
			files = (
			);
			inputPaths = (
			);
			name = "[CP] Embed Pods Frameworks";
			outputPaths = (
			);
			runOnlyForDeploymentPostprocessing = 0;
			shellPath = /bin/sh;
			shellScript = "\"${SRCROOT}/Pods/Target Support Files/Pods-FDGroupIconViewDemo/Pods-FDGroupIconViewDemo-frameworks.sh\"\n";
			showEnvVarsInLog = 0;
		};
		6BF8D8193603391977A1B34A /* [CP] Check Pods Manifest.lock */ = {
			isa = PBXShellScriptBuildPhase;
			buildActionMask = 2147483647;
			files = (
			);
			inputPaths = (
			);
			name = "[CP] Check Pods Manifest.lock";
			outputPaths = (
			);
			runOnlyForDeploymentPostprocessing = 0;
			shellPath = /bin/sh;
			shellScript = "diff \"${PODS_ROOT}/../Podfile.lock\" \"${PODS_ROOT}/Manifest.lock\" > /dev/null\nif [[ $? != 0 ]] ; then\n    cat << EOM\nerror: The sandbox is not in sync with the Podfile.lock. Run 'pod install' or update your CocoaPods installation.\nEOM\n    exit 1\nfi\n";
			showEnvVarsInLog = 0;
		};
		EED33A0AAE30FD6CBEB1A729 /* [CP] Check Pods Manifest.lock */ = {
			isa = PBXShellScriptBuildPhase;
			buildActionMask = 2147483647;
			files = (
			);
			inputPaths = (
			);
			name = "[CP] Check Pods Manifest.lock";
			outputPaths = (
			);
			runOnlyForDeploymentPostprocessing = 0;
			shellPath = /bin/sh;
			shellScript = "diff \"${PODS_ROOT}/../Podfile.lock\" \"${PODS_ROOT}/Manifest.lock\" > /dev/null\nif [[ $? != 0 ]] ; then\n    cat << EOM\nerror: The sandbox is not in sync with the Podfile.lock. Run 'pod install' or update your CocoaPods installation.\nEOM\n    exit 1\nfi\n";
			showEnvVarsInLog = 0;
		};
		FFD5D8BE4F496E9679D98C47 /* [CP] Embed Pods Frameworks */ = {
			isa = PBXShellScriptBuildPhase;
			buildActionMask = 2147483647;
			files = (
			);
			inputPaths = (
			);
			name = "[CP] Embed Pods Frameworks";
			outputPaths = (
			);
			runOnlyForDeploymentPostprocessing = 0;
			shellPath = /bin/sh;
			shellScript = "\"${SRCROOT}/Pods/Target Support Files/Pods-FDGroupIconViewDemoTests/Pods-FDGroupIconViewDemoTests-frameworks.sh\"\n";
			showEnvVarsInLog = 0;
		};
/* End PBXShellScriptBuildPhase section */

/* Begin PBXSourcesBuildPhase section */
		D7E07D641D6EF3D100F6C268 /* Sources */ = {
			isa = PBXSourcesBuildPhase;
			buildActionMask = 2147483647;
			files = (
				D71003BF1D7028C10086355A /* FDMainViewController.m in Sources */,
				D7E07D701D6EF3D100F6C268 /* AppDelegate.m in Sources */,
				D7E07D6D1D6EF3D100F6C268 /* main.m in Sources */,
				D71003C61D702FFF0086355A /* FDCommonCell.m in Sources */,
			);
			runOnlyForDeploymentPostprocessing = 0;
		};
		D7E07D7D1D6EF3D100F6C268 /* Sources */ = {
			isa = PBXSourcesBuildPhase;
			buildActionMask = 2147483647;
			files = (
				D7E07D861D6EF3D100F6C268 /* FDGroupIconViewDemoTests.m in Sources */,
			);
			runOnlyForDeploymentPostprocessing = 0;
		};
		D7E07D881D6EF3D100F6C268 /* Sources */ = {
			isa = PBXSourcesBuildPhase;
			buildActionMask = 2147483647;
			files = (
				D7E07D911D6EF3D100F6C268 /* FDGroupIconViewDemoUITests.m in Sources */,
			);
			runOnlyForDeploymentPostprocessing = 0;
		};
/* End PBXSourcesBuildPhase section */

/* Begin PBXTargetDependency section */
		D7E07D831D6EF3D100F6C268 /* PBXTargetDependency */ = {
			isa = PBXTargetDependency;
			target = D7E07D671D6EF3D100F6C268 /* FDGroupIconViewDemo */;
			targetProxy = D7E07D821D6EF3D100F6C268 /* PBXContainerItemProxy */;
		};
		D7E07D8E1D6EF3D100F6C268 /* PBXTargetDependency */ = {
			isa = PBXTargetDependency;
			target = D7E07D671D6EF3D100F6C268 /* FDGroupIconViewDemo */;
			targetProxy = D7E07D8D1D6EF3D100F6C268 /* PBXContainerItemProxy */;
		};
/* End PBXTargetDependency section */

/* Begin PBXVariantGroup section */
		D7E07D741D6EF3D100F6C268 /* Main.storyboard */ = {
			isa = PBXVariantGroup;
			children = (
				D7E07D751D6EF3D100F6C268 /* Base */,
			);
			name = Main.storyboard;
			sourceTree = "<group>";
		};
		D7E07D791D6EF3D100F6C268 /* LaunchScreen.storyboard */ = {
			isa = PBXVariantGroup;
			children = (
				D7E07D7A1D6EF3D100F6C268 /* Base */,
			);
			name = LaunchScreen.storyboard;
			sourceTree = "<group>";
		};
/* End PBXVariantGroup section */

/* Begin XCBuildConfiguration section */
		D7E07D931D6EF3D100F6C268 /* Debug */ = {
			isa = XCBuildConfiguration;
			buildSettings = {
				ALWAYS_SEARCH_USER_PATHS = NO;
				CLANG_ANALYZER_NONNULL = YES;
				CLANG_CXX_LANGUAGE_STANDARD = "gnu++0x";
				CLANG_CXX_LIBRARY = "libc++";
				CLANG_ENABLE_MODULES = YES;
				CLANG_ENABLE_OBJC_ARC = YES;
				CLANG_WARN_BOOL_CONVERSION = YES;
				CLANG_WARN_CONSTANT_CONVERSION = YES;
				CLANG_WARN_DIRECT_OBJC_ISA_USAGE = YES_ERROR;
				CLANG_WARN_EMPTY_BODY = YES;
				CLANG_WARN_ENUM_CONVERSION = YES;
				CLANG_WARN_INT_CONVERSION = YES;
				CLANG_WARN_OBJC_ROOT_CLASS = YES_ERROR;
				CLANG_WARN_UNREACHABLE_CODE = YES;
				CLANG_WARN__DUPLICATE_METHOD_MATCH = YES;
				"CODE_SIGN_IDENTITY[sdk=iphoneos*]" = "iPhone Developer";
				COPY_PHASE_STRIP = NO;
				DEBUG_INFORMATION_FORMAT = dwarf;
				ENABLE_STRICT_OBJC_MSGSEND = YES;
				ENABLE_TESTABILITY = YES;
				GCC_C_LANGUAGE_STANDARD = gnu99;
				GCC_DYNAMIC_NO_PIC = NO;
				GCC_NO_COMMON_BLOCKS = YES;
				GCC_OPTIMIZATION_LEVEL = 0;
				GCC_PREPROCESSOR_DEFINITIONS = (
					"DEBUG=1",
					"$(inherited)",
				);
				GCC_WARN_64_TO_32_BIT_CONVERSION = YES;
				GCC_WARN_ABOUT_RETURN_TYPE = YES_ERROR;
				GCC_WARN_UNDECLARED_SELECTOR = YES;
				GCC_WARN_UNINITIALIZED_AUTOS = YES_AGGRESSIVE;
				GCC_WARN_UNUSED_FUNCTION = YES;
				GCC_WARN_UNUSED_VARIABLE = YES;
				IPHONEOS_DEPLOYMENT_TARGET = 9.3;
				MTL_ENABLE_DEBUG_INFO = YES;
				ONLY_ACTIVE_ARCH = YES;
				SDKROOT = iphoneos;
			};
			name = Debug;
		};
		D7E07D941D6EF3D100F6C268 /* Release */ = {
			isa = XCBuildConfiguration;
			buildSettings = {
				ALWAYS_SEARCH_USER_PATHS = NO;
				CLANG_ANALYZER_NONNULL = YES;
				CLANG_CXX_LANGUAGE_STANDARD = "gnu++0x";
				CLANG_CXX_LIBRARY = "libc++";
				CLANG_ENABLE_MODULES = YES;
				CLANG_ENABLE_OBJC_ARC = YES;
				CLANG_WARN_BOOL_CONVERSION = YES;
				CLANG_WARN_CONSTANT_CONVERSION = YES;
				CLANG_WARN_DIRECT_OBJC_ISA_USAGE = YES_ERROR;
				CLANG_WARN_EMPTY_BODY = YES;
				CLANG_WARN_ENUM_CONVERSION = YES;
				CLANG_WARN_INT_CONVERSION = YES;
				CLANG_WARN_OBJC_ROOT_CLASS = YES_ERROR;
				CLANG_WARN_UNREACHABLE_CODE = YES;
				CLANG_WARN__DUPLICATE_METHOD_MATCH = YES;
				"CODE_SIGN_IDENTITY[sdk=iphoneos*]" = "iPhone Developer";
				COPY_PHASE_STRIP = NO;
				DEBUG_INFORMATION_FORMAT = "dwarf-with-dsym";
				ENABLE_NS_ASSERTIONS = NO;
				ENABLE_STRICT_OBJC_MSGSEND = YES;
				GCC_C_LANGUAGE_STANDARD = gnu99;
				GCC_NO_COMMON_BLOCKS = YES;
				GCC_WARN_64_TO_32_BIT_CONVERSION = YES;
				GCC_WARN_ABOUT_RETURN_TYPE = YES_ERROR;
				GCC_WARN_UNDECLARED_SELECTOR = YES;
				GCC_WARN_UNINITIALIZED_AUTOS = YES_AGGRESSIVE;
				GCC_WARN_UNUSED_FUNCTION = YES;
				GCC_WARN_UNUSED_VARIABLE = YES;
				IPHONEOS_DEPLOYMENT_TARGET = 9.3;
				MTL_ENABLE_DEBUG_INFO = NO;
				SDKROOT = iphoneos;
				VALIDATE_PRODUCT = YES;
			};
			name = Release;
		};
		D7E07D961D6EF3D100F6C268 /* Debug */ = {
			isa = XCBuildConfiguration;
			baseConfigurationReference = D4F4655C99D70B21D31722A0 /* Pods-FDGroupIconViewDemo.debug.xcconfig */;
			buildSettings = {
				ASSETCATALOG_COMPILER_APPICON_NAME = AppIcon;
				INFOPLIST_FILE = FDGroupIconViewDemo/Info.plist;
				LD_RUNPATH_SEARCH_PATHS = "$(inherited) @executable_path/Frameworks";
				PRODUCT_BUNDLE_IDENTIFIER = com.fandy.FDGroupIconViewDemo;
				PRODUCT_NAME = "$(TARGET_NAME)";
			};
			name = Debug;
		};
		D7E07D971D6EF3D100F6C268 /* Release */ = {
			isa = XCBuildConfiguration;
			baseConfigurationReference = 06ACD8157C67DAE61F0FFA9C /* Pods-FDGroupIconViewDemo.release.xcconfig */;
			buildSettings = {
				ASSETCATALOG_COMPILER_APPICON_NAME = AppIcon;
				INFOPLIST_FILE = FDGroupIconViewDemo/Info.plist;
				LD_RUNPATH_SEARCH_PATHS = "$(inherited) @executable_path/Frameworks";
				PRODUCT_BUNDLE_IDENTIFIER = com.fandy.FDGroupIconViewDemo;
				PRODUCT_NAME = "$(TARGET_NAME)";
			};
			name = Release;
		};
		D7E07D991D6EF3D100F6C268 /* Debug */ = {
			isa = XCBuildConfiguration;
			baseConfigurationReference = 79C3137CA1DF0A7E7AC16792 /* Pods-FDGroupIconViewDemoTests.debug.xcconfig */;
			buildSettings = {
				BUNDLE_LOADER = "$(TEST_HOST)";
				INFOPLIST_FILE = FDGroupIconViewDemoTests/Info.plist;
				LD_RUNPATH_SEARCH_PATHS = "$(inherited) @executable_path/Frameworks @loader_path/Frameworks";
				PRODUCT_BUNDLE_IDENTIFIER = com.fandy.FDGroupIconViewDemoTests;
				PRODUCT_NAME = "$(TARGET_NAME)";
				TEST_HOST = "$(BUILT_PRODUCTS_DIR)/FDGroupIconViewDemo.app/FDGroupIconViewDemo";
			};
			name = Debug;
		};
		D7E07D9A1D6EF3D100F6C268 /* Release */ = {
			isa = XCBuildConfiguration;
			baseConfigurationReference = 9358C4AE29A559CC23D52A10 /* Pods-FDGroupIconViewDemoTests.release.xcconfig */;
			buildSettings = {
				BUNDLE_LOADER = "$(TEST_HOST)";
				INFOPLIST_FILE = FDGroupIconViewDemoTests/Info.plist;
				LD_RUNPATH_SEARCH_PATHS = "$(inherited) @executable_path/Frameworks @loader_path/Frameworks";
				PRODUCT_BUNDLE_IDENTIFIER = com.fandy.FDGroupIconViewDemoTests;
				PRODUCT_NAME = "$(TARGET_NAME)";
				TEST_HOST = "$(BUILT_PRODUCTS_DIR)/FDGroupIconViewDemo.app/FDGroupIconViewDemo";
			};
			name = Release;
		};
		D7E07D9C1D6EF3D100F6C268 /* Debug */ = {
			isa = XCBuildConfiguration;
			baseConfigurationReference = 9D87B18490BB6F109A31C61C /* Pods-FDGroupIconViewDemoUITests.debug.xcconfig */;
			buildSettings = {
				INFOPLIST_FILE = FDGroupIconViewDemoUITests/Info.plist;
				LD_RUNPATH_SEARCH_PATHS = "$(inherited) @executable_path/Frameworks @loader_path/Frameworks";
				PRODUCT_BUNDLE_IDENTIFIER = com.fandy.FDGroupIconViewDemoUITests;
				PRODUCT_NAME = "$(TARGET_NAME)";
				TEST_TARGET_NAME = FDGroupIconViewDemo;
			};
			name = Debug;
		};
		D7E07D9D1D6EF3D100F6C268 /* Release */ = {
			isa = XCBuildConfiguration;
			baseConfigurationReference = F5B284D73A037F2420531EA5 /* Pods-FDGroupIconViewDemoUITests.release.xcconfig */;
			buildSettings = {
				INFOPLIST_FILE = FDGroupIconViewDemoUITests/Info.plist;
				LD_RUNPATH_SEARCH_PATHS = "$(inherited) @executable_path/Frameworks @loader_path/Frameworks";
				PRODUCT_BUNDLE_IDENTIFIER = com.fandy.FDGroupIconViewDemoUITests;
				PRODUCT_NAME = "$(TARGET_NAME)";
				TEST_TARGET_NAME = FDGroupIconViewDemo;
			};
			name = Release;
		};
/* End XCBuildConfiguration section */

/* Begin XCConfigurationList section */
		D7E07D631D6EF3D000F6C268 /* Build configuration list for PBXProject "FDGroupIconViewDemo" */ = {
			isa = XCConfigurationList;
			buildConfigurations = (
				D7E07D931D6EF3D100F6C268 /* Debug */,
				D7E07D941D6EF3D100F6C268 /* Release */,
			);
			defaultConfigurationIsVisible = 0;
			defaultConfigurationName = Release;
		};
		D7E07D951D6EF3D100F6C268 /* Build configuration list for PBXNativeTarget "FDGroupIconViewDemo" */ = {
			isa = XCConfigurationList;
			buildConfigurations = (
				D7E07D961D6EF3D100F6C268 /* Debug */,
				D7E07D971D6EF3D100F6C268 /* Release */,
			);
			defaultConfigurationIsVisible = 0;
			defaultConfigurationName = Release;
		};
		D7E07D981D6EF3D100F6C268 /* Build configuration list for PBXNativeTarget "FDGroupIconViewDemoTests" */ = {
			isa = XCConfigurationList;
			buildConfigurations = (
				D7E07D991D6EF3D100F6C268 /* Debug */,
				D7E07D9A1D6EF3D100F6C268 /* Release */,
			);
			defaultConfigurationIsVisible = 0;
			defaultConfigurationName = Release;
		};
		D7E07D9B1D6EF3D100F6C268 /* Build configuration list for PBXNativeTarget "FDGroupIconViewDemoUITests" */ = {
			isa = XCConfigurationList;
			buildConfigurations = (
				D7E07D9C1D6EF3D100F6C268 /* Debug */,
				D7E07D9D1D6EF3D100F6C268 /* Release */,
			);
			defaultConfigurationIsVisible = 0;
			defaultConfigurationName = Release;
		};
/* End XCConfigurationList section */
	};
	rootObject = D7E07D601D6EF3D000F6C268 /* Project object */;
}
