// !$*UTF8*$!
{
	archiveVersion = 1;
	classes = {
	};
	objectVersion = 46;
	objects = {

/* Begin PBXBuildFile section */
		D7E07D251D6EE9CA00F6C268 /* main.m in Sources */ = {isa = PBXBuildFile; fileRef = D7E07D241D6EE9CA00F6C268 /* main.m */; };
		D7E07D281D6EE9CA00F6C268 /* AppDelegate.m in Sources */ = {isa = PBXBuildFile; fileRef = D7E07D271D6EE9CA00F6C268 /* AppDelegate.m */; };
		D7E07D2B1D6EE9CA00F6C268 /* ViewController.m in Sources */ = {isa = PBXBuildFile; fileRef = D7E07D2A1D6EE9CA00F6C268 /* ViewController.m */; };
		D7E07D2E1D6EE9CA00F6C268 /* Main.storyboard in Resources */ = {isa = PBXBuildFile; fileRef = D7E07D2C1D6EE9CA00F6C268 /* Main.storyboard */; };
		D7E07D301D6EE9CA00F6C268 /* Assets.xcassets in Resources */ = {isa = PBXBuildFile; fileRef = D7E07D2F1D6EE9CA00F6C268 /* Assets.xcassets */; };
		D7E07D331D6EE9CA00F6C268 /* LaunchScreen.storyboard in Resources */ = {isa = PBXBuildFile; fileRef = D7E07D311D6EE9CA00F6C268 /* LaunchScreen.storyboard */; };
		D7E07D3E1D6EE9CA00F6C268 /* FDGroupIconViewDemoTests.m in Sources */ = {isa = PBXBuildFile; fileRef = D7E07D3D1D6EE9CA00F6C268 /* FDGroupIconViewDemoTests.m */; };
		D7E07D491D6EE9CA00F6C268 /* FDGroupIconViewDemoUITests.m in Sources */ = {isa = PBXBuildFile; fileRef = D7E07D481D6EE9CA00F6C268 /* FDGroupIconViewDemoUITests.m */; };
		D7E07D5C1D6EEA1500F6C268 /* FDGroupIconResource.bundle in Resources */ = {isa = PBXBuildFile; fileRef = D7E07D571D6EEA1500F6C268 /* FDGroupIconResource.bundle */; };
		D7E07D5D1D6EEA1500F6C268 /* FDGroupIconView.m in Sources */ = {isa = PBXBuildFile; fileRef = D7E07D591D6EEA1500F6C268 /* FDGroupIconView.m */; };
		D7E07D5E1D6EEA1500F6C268 /* FDIconImageView.m in Sources */ = {isa = PBXBuildFile; fileRef = D7E07D5B1D6EEA1500F6C268 /* FDIconImageView.m */; };
/* End PBXBuildFile section */

/* Begin PBXContainerItemProxy section */
		D7E07D3A1D6EE9CA00F6C268 /* PBXContainerItemProxy */ = {
			isa = PBXContainerItemProxy;
			containerPortal = D7E07D181D6EE9CA00F6C268 /* Project object */;
			proxyType = 1;
			remoteGlobalIDString = D7E07D1F1D6EE9CA00F6C268;
			remoteInfo = FDGroupIconViewDemo;
		};
		D7E07D451D6EE9CA00F6C268 /* PBXContainerItemProxy */ = {
			isa = PBXContainerItemProxy;
			containerPortal = D7E07D181D6EE9CA00F6C268 /* Project object */;
			proxyType = 1;
			remoteGlobalIDString = D7E07D1F1D6EE9CA00F6C268;
			remoteInfo = FDGroupIconViewDemo;
		};
/* End PBXContainerItemProxy section */

/* Begin PBXFileReference section */
		D7E07D201D6EE9CA00F6C268 /* FDGroupIconViewDemo.app */ = {isa = PBXFileReference; explicitFileType = wrapper.application; includeInIndex = 0; path = FDGroupIconViewDemo.app; sourceTree = BUILT_PRODUCTS_DIR; };
		D7E07D241D6EE9CA00F6C268 /* main.m */ = {isa = PBXFileReference; lastKnownFileType = sourcecode.c.objc; path = main.m; sourceTree = "<group>"; };
		D7E07D261D6EE9CA00F6C268 /* AppDelegate.h */ = {isa = PBXFileReference; lastKnownFileType = sourcecode.c.h; path = AppDelegate.h; sourceTree = "<group>"; };
		D7E07D271D6EE9CA00F6C268 /* AppDelegate.m */ = {isa = PBXFileReference; lastKnownFileType = sourcecode.c.objc; path = AppDelegate.m; sourceTree = "<group>"; };
		D7E07D291D6EE9CA00F6C268 /* ViewController.h */ = {isa = PBXFileReference; lastKnownFileType = sourcecode.c.h; path = ViewController.h; sourceTree = "<group>"; };
		D7E07D2A1D6EE9CA00F6C268 /* ViewController.m */ = {isa = PBXFileReference; lastKnownFileType = sourcecode.c.objc; path = ViewController.m; sourceTree = "<group>"; };
		D7E07D2D1D6EE9CA00F6C268 /* Base */ = {isa = PBXFileReference; lastKnownFileType = file.storyboard; name = Base; path = Base.lproj/Main.storyboard; sourceTree = "<group>"; };
		D7E07D2F1D6EE9CA00F6C268 /* Assets.xcassets */ = {isa = PBXFileReference; lastKnownFileType = folder.assetcatalog; path = Assets.xcassets; sourceTree = "<group>"; };
		D7E07D321D6EE9CA00F6C268 /* Base */ = {isa = PBXFileReference; lastKnownFileType = file.storyboard; name = Base; path = Base.lproj/LaunchScreen.storyboard; sourceTree = "<group>"; };
		D7E07D341D6EE9CA00F6C268 /* Info.plist */ = {isa = PBXFileReference; lastKnownFileType = text.plist.xml; path = Info.plist; sourceTree = "<group>"; };
		D7E07D391D6EE9CA00F6C268 /* FDGroupIconViewDemoTests.xctest */ = {isa = PBXFileReference; explicitFileType = wrapper.cfbundle; includeInIndex = 0; path = FDGroupIconViewDemoTests.xctest; sourceTree = BUILT_PRODUCTS_DIR; };
		D7E07D3D1D6EE9CA00F6C268 /* FDGroupIconViewDemoTests.m */ = {isa = PBXFileReference; lastKnownFileType = sourcecode.c.objc; path = FDGroupIconViewDemoTests.m; sourceTree = "<group>"; };
		D7E07D3F1D6EE9CA00F6C268 /* Info.plist */ = {isa = PBXFileReference; lastKnownFileType = text.plist.xml; path = Info.plist; sourceTree = "<group>"; };
		D7E07D441D6EE9CA00F6C268 /* FDGroupIconViewDemoUITests.xctest */ = {isa = PBXFileReference; explicitFileType = wrapper.cfbundle; includeInIndex = 0; path = FDGroupIconViewDemoUITests.xctest; sourceTree = BUILT_PRODUCTS_DIR; };
		D7E07D481D6EE9CA00F6C268 /* FDGroupIconViewDemoUITests.m */ = {isa = PBXFileReference; lastKnownFileType = sourcecode.c.objc; path = FDGroupIconViewDemoUITests.m; sourceTree = "<group>"; };
		D7E07D4A1D6EE9CA00F6C268 /* Info.plist */ = {isa = PBXFileReference; lastKnownFileType = text.plist.xml; path = Info.plist; sourceTree = "<group>"; };
		D7E07D571D6EEA1500F6C268 /* FDGroupIconResource.bundle */ = {isa = PBXFileReference; lastKnownFileType = "wrapper.plug-in"; path = FDGroupIconResource.bundle; sourceTree = "<group>"; };
		D7E07D581D6EEA1500F6C268 /* FDGroupIconView.h */ = {isa = PBXFileReference; fileEncoding = 4; lastKnownFileType = sourcecode.c.h; path = FDGroupIconView.h; sourceTree = "<group>"; };
		D7E07D591D6EEA1500F6C268 /* FDGroupIconView.m */ = {isa = PBXFileReference; fileEncoding = 4; lastKnownFileType = sourcecode.c.objc; path = FDGroupIconView.m; sourceTree = "<group>"; };
		D7E07D5A1D6EEA1500F6C268 /* FDIconImageView.h */ = {isa = PBXFileReference; fileEncoding = 4; lastKnownFileType = sourcecode.c.h; path = FDIconImageView.h; sourceTree = "<group>"; };
		D7E07D5B1D6EEA1500F6C268 /* FDIconImageView.m */ = {isa = PBXFileReference; fileEncoding = 4; lastKnownFileType = sourcecode.c.objc; path = FDIconImageView.m; sourceTree = "<group>"; };
/* End PBXFileReference section */

/* Begin PBXFrameworksBuildPhase section */
		D7E07D1D1D6EE9CA00F6C268 /* Frameworks */ = {
			isa = PBXFrameworksBuildPhase;
			buildActionMask = 2147483647;
			files = (
			);
			runOnlyForDeploymentPostprocessing = 0;
		};
		D7E07D361D6EE9CA00F6C268 /* Frameworks */ = {
			isa = PBXFrameworksBuildPhase;
			buildActionMask = 2147483647;
			files = (
			);
			runOnlyForDeploymentPostprocessing = 0;
		};
		D7E07D411D6EE9CA00F6C268 /* Frameworks */ = {
			isa = PBXFrameworksBuildPhase;
			buildActionMask = 2147483647;
			files = (
			);
			runOnlyForDeploymentPostprocessing = 0;
		};
/* End PBXFrameworksBuildPhase section */

/* Begin PBXGroup section */
		D7E07D171D6EE9CA00F6C268 = {
			isa = PBXGroup;
			children = (
				D7E07D561D6EEA1500F6C268 /* FDGroupIconView */,
				D7E07D221D6EE9CA00F6C268 /* FDGroupIconViewDemo */,
				D7E07D3C1D6EE9CA00F6C268 /* FDGroupIconViewDemoTests */,
				D7E07D471D6EE9CA00F6C268 /* FDGroupIconViewDemoUITests */,
				D7E07D211D6EE9CA00F6C268 /* Products */,
			);
			sourceTree = "<group>";
		};
		D7E07D211D6EE9CA00F6C268 /* Products */ = {
			isa = PBXGroup;
			children = (
				D7E07D201D6EE9CA00F6C268 /* FDGroupIconViewDemo.app */,
				D7E07D391D6EE9CA00F6C268 /* FDGroupIconViewDemoTests.xctest */,
				D7E07D441D6EE9CA00F6C268 /* FDGroupIconViewDemoUITests.xctest */,
			);
			name = Products;
			sourceTree = "<group>";
		};
		D7E07D221D6EE9CA00F6C268 /* FDGroupIconViewDemo */ = {
			isa = PBXGroup;
			children = (
				D7E07D261D6EE9CA00F6C268 /* AppDelegate.h */,
				D7E07D271D6EE9CA00F6C268 /* AppDelegate.m */,
				D7E07D291D6EE9CA00F6C268 /* ViewController.h */,
				D7E07D2A1D6EE9CA00F6C268 /* ViewController.m */,
				D7E07D2C1D6EE9CA00F6C268 /* Main.storyboard */,
				D7E07D2F1D6EE9CA00F6C268 /* Assets.xcassets */,
				D7E07D311D6EE9CA00F6C268 /* LaunchScreen.storyboard */,
				D7E07D341D6EE9CA00F6C268 /* Info.plist */,
				D7E07D231D6EE9CA00F6C268 /* Supporting Files */,
			);
			path = FDGroupIconViewDemo;
			sourceTree = "<group>";
		};
		D7E07D231D6EE9CA00F6C268 /* Supporting Files */ = {
			isa = PBXGroup;
			children = (
				D7E07D241D6EE9CA00F6C268 /* main.m */,
			);
			name = "Supporting Files";
			sourceTree = "<group>";
		};
		D7E07D3C1D6EE9CA00F6C268 /* FDGroupIconViewDemoTests */ = {
			isa = PBXGroup;
			children = (
				D7E07D3D1D6EE9CA00F6C268 /* FDGroupIconViewDemoTests.m */,
				D7E07D3F1D6EE9CA00F6C268 /* Info.plist */,
			);
			path = FDGroupIconViewDemoTests;
			sourceTree = "<group>";
		};
		D7E07D471D6EE9CA00F6C268 /* FDGroupIconViewDemoUITests */ = {
			isa = PBXGroup;
			children = (
				D7E07D481D6EE9CA00F6C268 /* FDGroupIconViewDemoUITests.m */,
				D7E07D4A1D6EE9CA00F6C268 /* Info.plist */,
			);
			path = FDGroupIconViewDemoUITests;
			sourceTree = "<group>";
		};
		D7E07D561D6EEA1500F6C268 /* FDGroupIconView */ = {
			isa = PBXGroup;
			children = (
				D7E07D571D6EEA1500F6C268 /* FDGroupIconResource.bundle */,
				D7E07D581D6EEA1500F6C268 /* FDGroupIconView.h */,
				D7E07D591D6EEA1500F6C268 /* FDGroupIconView.m */,
				D7E07D5A1D6EEA1500F6C268 /* FDIconImageView.h */,
				D7E07D5B1D6EEA1500F6C268 /* FDIconImageView.m */,
			);
			name = FDGroupIconView;
			path = ../FDGroupIconView;
			sourceTree = "<group>";
		};
/* End PBXGroup section */

/* Begin PBXNativeTarget section */
		D7E07D1F1D6EE9CA00F6C268 /* FDGroupIconViewDemo */ = {
			isa = PBXNativeTarget;
			buildConfigurationList = D7E07D4D1D6EE9CA00F6C268 /* Build configuration list for PBXNativeTarget "FDGroupIconViewDemo" */;
			buildPhases = (
				D7E07D1C1D6EE9CA00F6C268 /* Sources */,
				D7E07D1D1D6EE9CA00F6C268 /* Frameworks */,
				D7E07D1E1D6EE9CA00F6C268 /* Resources */,
			);
			buildRules = (
			);
			dependencies = (
			);
			name = FDGroupIconViewDemo;
			productName = FDGroupIconViewDemo;
			productReference = D7E07D201D6EE9CA00F6C268 /* FDGroupIconViewDemo.app */;
			productType = "com.apple.product-type.application";
		};
		D7E07D381D6EE9CA00F6C268 /* FDGroupIconViewDemoTests */ = {
			isa = PBXNativeTarget;
			buildConfigurationList = D7E07D501D6EE9CA00F6C268 /* Build configuration list for PBXNativeTarget "FDGroupIconViewDemoTests" */;
			buildPhases = (
				D7E07D351D6EE9CA00F6C268 /* Sources */,
				D7E07D361D6EE9CA00F6C268 /* Frameworks */,
				D7E07D371D6EE9CA00F6C268 /* Resources */,
			);
			buildRules = (
			);
			dependencies = (
				D7E07D3B1D6EE9CA00F6C268 /* PBXTargetDependency */,
			);
			name = FDGroupIconViewDemoTests;
			productName = FDGroupIconViewDemoTests;
			productReference = D7E07D391D6EE9CA00F6C268 /* FDGroupIconViewDemoTests.xctest */;
			productType = "com.apple.product-type.bundle.unit-test";
		};
		D7E07D431D6EE9CA00F6C268 /* FDGroupIconViewDemoUITests */ = {
			isa = PBXNativeTarget;
			buildConfigurationList = D7E07D531D6EE9CA00F6C268 /* Build configuration list for PBXNativeTarget "FDGroupIconViewDemoUITests" */;
			buildPhases = (
				D7E07D401D6EE9CA00F6C268 /* Sources */,
				D7E07D411D6EE9CA00F6C268 /* Frameworks */,
				D7E07D421D6EE9CA00F6C268 /* Resources */,
			);
			buildRules = (
			);
			dependencies = (
				D7E07D461D6EE9CA00F6C268 /* PBXTargetDependency */,
			);
			name = FDGroupIconViewDemoUITests;
			productName = FDGroupIconViewDemoUITests;
			productReference = D7E07D441D6EE9CA00F6C268 /* FDGroupIconViewDemoUITests.xctest */;
			productType = "com.apple.product-type.bundle.ui-testing";
		};
/* End PBXNativeTarget section */

/* Begin PBXProject section */
		D7E07D181D6EE9CA00F6C268 /* Project object */ = {
			isa = PBXProject;
			attributes = {
				LastUpgradeCheck = 0730;
				ORGANIZATIONNAME = fandy;
				TargetAttributes = {
					D7E07D1F1D6EE9CA00F6C268 = {
						CreatedOnToolsVersion = 7.3.1;
					};
					D7E07D381D6EE9CA00F6C268 = {
						CreatedOnToolsVersion = 7.3.1;
						TestTargetID = D7E07D1F1D6EE9CA00F6C268;
					};
					D7E07D431D6EE9CA00F6C268 = {
						CreatedOnToolsVersion = 7.3.1;
						TestTargetID = D7E07D1F1D6EE9CA00F6C268;
					};
				};
			};
			buildConfigurationList = D7E07D1B1D6EE9CA00F6C268 /* Build configuration list for PBXProject "FDGroupIconViewDemo" */;
			compatibilityVersion = "Xcode 3.2";
			developmentRegion = English;
			hasScannedForEncodings = 0;
			knownRegions = (
				en,
				Base,
			);
			mainGroup = D7E07D171D6EE9CA00F6C268;
			productRefGroup = D7E07D211D6EE9CA00F6C268 /* Products */;
			projectDirPath = "";
			projectRoot = "";
			targets = (
				D7E07D1F1D6EE9CA00F6C268 /* FDGroupIconViewDemo */,
				D7E07D381D6EE9CA00F6C268 /* FDGroupIconViewDemoTests */,
				D7E07D431D6EE9CA00F6C268 /* FDGroupIconViewDemoUITests */,
			);
		};
/* End PBXProject section */

/* Begin PBXResourcesBuildPhase section */
		D7E07D1E1D6EE9CA00F6C268 /* Resources */ = {
			isa = PBXResourcesBuildPhase;
			buildActionMask = 2147483647;
			files = (
				D7E07D331D6EE9CA00F6C268 /* LaunchScreen.storyboard in Resources */,
				D7E07D301D6EE9CA00F6C268 /* Assets.xcassets in Resources */,
				D7E07D5C1D6EEA1500F6C268 /* FDGroupIconResource.bundle in Resources */,
				D7E07D2E1D6EE9CA00F6C268 /* Main.storyboard in Resources */,
			);
			runOnlyForDeploymentPostprocessing = 0;
		};
		D7E07D371D6EE9CA00F6C268 /* Resources */ = {
			isa = PBXResourcesBuildPhase;
			buildActionMask = 2147483647;
			files = (
			);
			runOnlyForDeploymentPostprocessing = 0;
		};
		D7E07D421D6EE9CA00F6C268 /* Resources */ = {
			isa = PBXResourcesBuildPhase;
			buildActionMask = 2147483647;
			files = (
			);
			runOnlyForDeploymentPostprocessing = 0;
		};
/* End PBXResourcesBuildPhase section */

/* Begin PBXSourcesBuildPhase section */
		D7E07D1C1D6EE9CA00F6C268 /* Sources */ = {
			isa = PBXSourcesBuildPhase;
			buildActionMask = 2147483647;
			files = (
				D7E07D2B1D6EE9CA00F6C268 /* ViewController.m in Sources */,
				D7E07D281D6EE9CA00F6C268 /* AppDelegate.m in Sources */,
				D7E07D251D6EE9CA00F6C268 /* main.m in Sources */,
				D7E07D5D1D6EEA1500F6C268 /* FDGroupIconView.m in Sources */,
				D7E07D5E1D6EEA1500F6C268 /* FDIconImageView.m in Sources */,
			);
			runOnlyForDeploymentPostprocessing = 0;
		};
		D7E07D351D6EE9CA00F6C268 /* Sources */ = {
			isa = PBXSourcesBuildPhase;
			buildActionMask = 2147483647;
			files = (
				D7E07D3E1D6EE9CA00F6C268 /* FDGroupIconViewDemoTests.m in Sources */,
			);
			runOnlyForDeploymentPostprocessing = 0;
		};
		D7E07D401D6EE9CA00F6C268 /* Sources */ = {
			isa = PBXSourcesBuildPhase;
			buildActionMask = 2147483647;
			files = (
				D7E07D491D6EE9CA00F6C268 /* FDGroupIconViewDemoUITests.m in Sources */,
			);
			runOnlyForDeploymentPostprocessing = 0;
		};
/* End PBXSourcesBuildPhase section */

/* Begin PBXTargetDependency section */
		D7E07D3B1D6EE9CA00F6C268 /* PBXTargetDependency */ = {
			isa = PBXTargetDependency;
			target = D7E07D1F1D6EE9CA00F6C268 /* FDGroupIconViewDemo */;
			targetProxy = D7E07D3A1D6EE9CA00F6C268 /* PBXContainerItemProxy */;
		};
		D7E07D461D6EE9CA00F6C268 /* PBXTargetDependency */ = {
			isa = PBXTargetDependency;
			target = D7E07D1F1D6EE9CA00F6C268 /* FDGroupIconViewDemo */;
			targetProxy = D7E07D451D6EE9CA00F6C268 /* PBXContainerItemProxy */;
		};
/* End PBXTargetDependency section */

/* Begin PBXVariantGroup section */
		D7E07D2C1D6EE9CA00F6C268 /* Main.storyboard */ = {
			isa = PBXVariantGroup;
			children = (
				D7E07D2D1D6EE9CA00F6C268 /* Base */,
			);
			name = Main.storyboard;
			sourceTree = "<group>";
		};
		D7E07D311D6EE9CA00F6C268 /* LaunchScreen.storyboard */ = {
			isa = PBXVariantGroup;
			children = (
				D7E07D321D6EE9CA00F6C268 /* Base */,
			);
			name = LaunchScreen.storyboard;
			sourceTree = "<group>";
		};
/* End PBXVariantGroup section */

/* Begin XCBuildConfiguration section */
		D7E07D4B1D6EE9CA00F6C268 /* Debug */ = {
			isa = XCBuildConfiguration;
			buildSettings = {
				ALWAYS_SEARCH_USER_PATHS = NO;
				CLANG_ANALYZER_NONNULL = YES;
				CLANG_CXX_LANGUAGE_STANDARD = "gnu++0x";
				CLANG_CXX_LIBRARY = "libc++";
				CLANG_ENABLE_MODULES = YES;
				CLANG_ENABLE_OBJC_ARC = YES;
				CLANG_WARN_BOOL_CONVERSION = YES;
				CLANG_WARN_CONSTANT_CONVERSION = YES;
				CLANG_WARN_DIRECT_OBJC_ISA_USAGE = YES_ERROR;
				CLANG_WARN_EMPTY_BODY = YES;
				CLANG_WARN_ENUM_CONVERSION = YES;
				CLANG_WARN_INT_CONVERSION = YES;
				CLANG_WARN_OBJC_ROOT_CLASS = YES_ERROR;
				CLANG_WARN_UNREACHABLE_CODE = YES;
				CLANG_WARN__DUPLICATE_METHOD_MATCH = YES;
				"CODE_SIGN_IDENTITY[sdk=iphoneos*]" = "iPhone Developer";
				COPY_PHASE_STRIP = NO;
				DEBUG_INFORMATION_FORMAT = dwarf;
				ENABLE_STRICT_OBJC_MSGSEND = YES;
				ENABLE_TESTABILITY = YES;
				GCC_C_LANGUAGE_STANDARD = gnu99;
				GCC_DYNAMIC_NO_PIC = NO;
				GCC_NO_COMMON_BLOCKS = YES;
				GCC_OPTIMIZATION_LEVEL = 0;
				GCC_PREPROCESSOR_DEFINITIONS = (
					"DEBUG=1",
					"$(inherited)",
				);
				GCC_WARN_64_TO_32_BIT_CONVERSION = YES;
				GCC_WARN_ABOUT_RETURN_TYPE = YES_ERROR;
				GCC_WARN_UNDECLARED_SELECTOR = YES;
				GCC_WARN_UNINITIALIZED_AUTOS = YES_AGGRESSIVE;
				GCC_WARN_UNUSED_FUNCTION = YES;
				GCC_WARN_UNUSED_VARIABLE = YES;
				IPHONEOS_DEPLOYMENT_TARGET = 9.3;
				MTL_ENABLE_DEBUG_INFO = YES;
				ONLY_ACTIVE_ARCH = YES;
				SDKROOT = iphoneos;
			};
			name = Debug;
		};
		D7E07D4C1D6EE9CA00F6C268 /* Release */ = {
			isa = XCBuildConfiguration;
			buildSettings = {
				ALWAYS_SEARCH_USER_PATHS = NO;
				CLANG_ANALYZER_NONNULL = YES;
				CLANG_CXX_LANGUAGE_STANDARD = "gnu++0x";
				CLANG_CXX_LIBRARY = "libc++";
				CLANG_ENABLE_MODULES = YES;
				CLANG_ENABLE_OBJC_ARC = YES;
				CLANG_WARN_BOOL_CONVERSION = YES;
				CLANG_WARN_CONSTANT_CONVERSION = YES;
				CLANG_WARN_DIRECT_OBJC_ISA_USAGE = YES_ERROR;
				CLANG_WARN_EMPTY_BODY = YES;
				CLANG_WARN_ENUM_CONVERSION = YES;
				CLANG_WARN_INT_CONVERSION = YES;
				CLANG_WARN_OBJC_ROOT_CLASS = YES_ERROR;
				CLANG_WARN_UNREACHABLE_CODE = YES;
				CLANG_WARN__DUPLICATE_METHOD_MATCH = YES;
				"CODE_SIGN_IDENTITY[sdk=iphoneos*]" = "iPhone Developer";
				COPY_PHASE_STRIP = NO;
				DEBUG_INFORMATION_FORMAT = "dwarf-with-dsym";
				ENABLE_NS_ASSERTIONS = NO;
				ENABLE_STRICT_OBJC_MSGSEND = YES;
				GCC_C_LANGUAGE_STANDARD = gnu99;
				GCC_NO_COMMON_BLOCKS = YES;
				GCC_WARN_64_TO_32_BIT_CONVERSION = YES;
				GCC_WARN_ABOUT_RETURN_TYPE = YES_ERROR;
				GCC_WARN_UNDECLARED_SELECTOR = YES;
				GCC_WARN_UNINITIALIZED_AUTOS = YES_AGGRESSIVE;
				GCC_WARN_UNUSED_FUNCTION = YES;
				GCC_WARN_UNUSED_VARIABLE = YES;
				IPHONEOS_DEPLOYMENT_TARGET = 9.3;
				MTL_ENABLE_DEBUG_INFO = NO;
				SDKROOT = iphoneos;
				VALIDATE_PRODUCT = YES;
			};
			name = Release;
		};
		D7E07D4E1D6EE9CA00F6C268 /* Debug */ = {
			isa = XCBuildConfiguration;
			buildSettings = {
				ASSETCATALOG_COMPILER_APPICON_NAME = AppIcon;
				INFOPLIST_FILE = FDGroupIconViewDemo/Info.plist;
				LD_RUNPATH_SEARCH_PATHS = "$(inherited) @executable_path/Frameworks";
				PRODUCT_BUNDLE_IDENTIFIER = com.fandy.FDGroupIconViewDemo;
				PRODUCT_NAME = "$(TARGET_NAME)";
			};
			name = Debug;
		};
		D7E07D4F1D6EE9CA00F6C268 /* Release */ = {
			isa = XCBuildConfiguration;
			buildSettings = {
				ASSETCATALOG_COMPILER_APPICON_NAME = AppIcon;
				INFOPLIST_FILE = FDGroupIconViewDemo/Info.plist;
				LD_RUNPATH_SEARCH_PATHS = "$(inherited) @executable_path/Frameworks";
				PRODUCT_BUNDLE_IDENTIFIER = com.fandy.FDGroupIconViewDemo;
				PRODUCT_NAME = "$(TARGET_NAME)";
			};
			name = Release;
		};
		D7E07D511D6EE9CA00F6C268 /* Debug */ = {
			isa = XCBuildConfiguration;
			buildSettings = {
				BUNDLE_LOADER = "$(TEST_HOST)";
				INFOPLIST_FILE = FDGroupIconViewDemoTests/Info.plist;
				LD_RUNPATH_SEARCH_PATHS = "$(inherited) @executable_path/Frameworks @loader_path/Frameworks";
				PRODUCT_BUNDLE_IDENTIFIER = com.fandy.FDGroupIconViewDemoTests;
				PRODUCT_NAME = "$(TARGET_NAME)";
				TEST_HOST = "$(BUILT_PRODUCTS_DIR)/FDGroupIconViewDemo.app/FDGroupIconViewDemo";
			};
			name = Debug;
		};
		D7E07D521D6EE9CA00F6C268 /* Release */ = {
			isa = XCBuildConfiguration;
			buildSettings = {
				BUNDLE_LOADER = "$(TEST_HOST)";
				INFOPLIST_FILE = FDGroupIconViewDemoTests/Info.plist;
				LD_RUNPATH_SEARCH_PATHS = "$(inherited) @executable_path/Frameworks @loader_path/Frameworks";
				PRODUCT_BUNDLE_IDENTIFIER = com.fandy.FDGroupIconViewDemoTests;
				PRODUCT_NAME = "$(TARGET_NAME)";
				TEST_HOST = "$(BUILT_PRODUCTS_DIR)/FDGroupIconViewDemo.app/FDGroupIconViewDemo";
			};
			name = Release;
		};
		D7E07D541D6EE9CA00F6C268 /* Debug */ = {
			isa = XCBuildConfiguration;
			buildSettings = {
				INFOPLIST_FILE = FDGroupIconViewDemoUITests/Info.plist;
				LD_RUNPATH_SEARCH_PATHS = "$(inherited) @executable_path/Frameworks @loader_path/Frameworks";
				PRODUCT_BUNDLE_IDENTIFIER = com.fandy.FDGroupIconViewDemoUITests;
				PRODUCT_NAME = "$(TARGET_NAME)";
				TEST_TARGET_NAME = FDGroupIconViewDemo;
			};
			name = Debug;
		};
		D7E07D551D6EE9CA00F6C268 /* Release */ = {
			isa = XCBuildConfiguration;
			buildSettings = {
				INFOPLIST_FILE = FDGroupIconViewDemoUITests/Info.plist;
				LD_RUNPATH_SEARCH_PATHS = "$(inherited) @executable_path/Frameworks @loader_path/Frameworks";
				PRODUCT_BUNDLE_IDENTIFIER = com.fandy.FDGroupIconViewDemoUITests;
				PRODUCT_NAME = "$(TARGET_NAME)";
				TEST_TARGET_NAME = FDGroupIconViewDemo;
			};
			name = Release;
		};
/* End XCBuildConfiguration section */

/* Begin XCConfigurationList section */
		D7E07D1B1D6EE9CA00F6C268 /* Build configuration list for PBXProject "FDGroupIconViewDemo" */ = {
			isa = XCConfigurationList;
			buildConfigurations = (
				D7E07D4B1D6EE9CA00F6C268 /* Debug */,
				D7E07D4C1D6EE9CA00F6C268 /* Release */,
			);
			defaultConfigurationIsVisible = 0;
			defaultConfigurationName = Release;
		};
		D7E07D4D1D6EE9CA00F6C268 /* Build configuration list for PBXNativeTarget "FDGroupIconViewDemo" */ = {
			isa = XCConfigurationList;
			buildConfigurations = (
				D7E07D4E1D6EE9CA00F6C268 /* Debug */,
				D7E07D4F1D6EE9CA00F6C268 /* Release */,
			);
			defaultConfigurationIsVisible = 0;
			defaultConfigurationName = Release;
		};
		D7E07D501D6EE9CA00F6C268 /* Build configuration list for PBXNativeTarget "FDGroupIconViewDemoTests" */ = {
			isa = XCConfigurationList;
			buildConfigurations = (
				D7E07D511D6EE9CA00F6C268 /* Debug */,
				D7E07D521D6EE9CA00F6C268 /* Release */,
			);
			defaultConfigurationIsVisible = 0;
			defaultConfigurationName = Release;
		};
		D7E07D531D6EE9CA00F6C268 /* Build configuration list for PBXNativeTarget "FDGroupIconViewDemoUITests" */ = {
			isa = XCConfigurationList;
			buildConfigurations = (
				D7E07D541D6EE9CA00F6C268 /* Debug */,
				D7E07D551D6EE9CA00F6C268 /* Release */,
			);
			defaultConfigurationIsVisible = 0;
			defaultConfigurationName = Release;
		};
/* End XCConfigurationList section */
	};
	rootObject = D7E07D181D6EE9CA00F6C268 /* Project object */;
}
